
Microsoft Visual Studio Solution File, Format Version 12.00
# Visual Studio Version 17
VisualStudioVersion = 17.0.31903.59
MinimumVisualStudioVersion = 10.0.40219.1
Project("{FAE04EC0-301F-11D3-BF4B-00C04F79EFBC}") = "Tyuiu.DmitrievLR.Sprint2.Task0.V21.Lib", "Tyuiu.DmitrievLR.Sprint2.Task0.V21.Lib\Tyuiu.DmitrievLR.Sprint2.Task0.V21.Lib.csproj", "{4C1BD6BC-9015-4356-8018-4F3BC310572B}"
EndProject
Project("{FAE04EC0-301F-11D3-BF4B-00C04F79EFBC}") = "Tyuiu.DmitrievLR.Sprint2.Task0.V21", "Tyuiu.DmitrievLR.Sprint2.Task0.V21\Tyuiu.DmitrievLR.Sprint2.Task0.V21.csproj", "{C59ABC5B-0DCE-48A3-9AE9-EB7CABE9C337}"
EndProject
Project("{FAE04EC0-301F-11D3-BF4B-00C04F79EFBC}") = "Tyuiu.DmitrievLR.Sprint2.Task0.V21.Test", "Tyuiu.DmitrievLR.Sprint2.Task0.V21.Test\Tyuiu.DmitrievLR.Sprint2.Task0.V21.Test.csproj", "{0F003B3A-5765-4B39-8B39-A89CE7D12D06}"
EndProject
Project("{2150E333-8FDC-42A3-9474-1A3956D46DE8}") = "Task0", "Task0", "{33C94368-642B-4041-9340-6C6A3EDDF62D}"
EndProject
Project("{FAE04EC0-301F-11D3-BF4B-00C04F79EFBC}") = "Tyuiu.DmitrievLR.Sprint2.Task1.V2.Lib", "Tyuiu.DmitrievLR.Sprint2.Task1.V2.Lib\Tyuiu.DmitrievLR.Sprint2.Task1.V2.Lib.csproj", "{D477AD31-DA1F-429F-A0FB-8F1847ECA4ED}"
EndProject
Project("{FAE04EC0-301F-11D3-BF4B-00C04F79EFBC}") = "Tyuiu.DmitrievLR.Sprint2.Task1.V2", "Tyuiu.DmitrievLR.Sprint2.Task1.V2\Tyuiu.DmitrievLR.Sprint2.Task1.V2.csproj", "{9DBE19C6-0CE1-4097-A4CE-20FDE76A4A99}"
EndProject
Project("{FAE04EC0-301F-11D3-BF4B-00C04F79EFBC}") = "Tyuiu.DmitrievLR.Sprint2.Task1.V2.Test", "Tyuiu.DmitrievLR.Sprint2.Task1.V2.Test\Tyuiu.DmitrievLR.Sprint2.Task1.V2.Test.csproj", "{EE8B0600-1BD5-4C97-933E-DD4B162947B0}"
EndProject
Project("{2150E333-8FDC-42A3-9474-1A3956D46DE8}") = "Task1", "Task1", "{5974C7DA-DB47-45E9-8CCD-498AAB052809}"
EndProject
Project("{FAE04EC0-301F-11D3-BF4B-00C04F79EFBC}") = "Tyuiu.DmitrievLR.Sprint2.Task2.V6.Lib", "Tyuiu.DmitrievLR.Sprint2.Task2.V6.Lib\Tyuiu.DmitrievLR.Sprint2.Task2.V6.Lib.csproj", "{911E7054-DBBB-4805-8345-EBCCA4A21080}"
EndProject
Project("{FAE04EC0-301F-11D3-BF4B-00C04F79EFBC}") = "Tyuiu.DmitrievLR.Sprint2.Task2.V6", "Tyuiu.DmitrievLR.Sprint2.Task2.V6\Tyuiu.DmitrievLR.Sprint2.Task2.V6.csproj", "{A0AAD593-0FDB-473D-B270-51BD3E0EDB38}"
EndProject
Project("{FAE04EC0-301F-11D3-BF4B-00C04F79EFBC}") = "Tyuiu.DmitrievLR.Sprint2.Task2.V6.Test", "Tyuiu.DmitrievLR.Sprint2.Task2.V6.Test\Tyuiu.DmitrievLR.Sprint2.Task2.V6.Test.csproj", "{503EF15D-95AB-40CD-84D7-FD55150BE80A}"
EndProject
Project("{2150E333-8FDC-42A3-9474-1A3956D46DE8}") = "Task2", "Task2", "{18FC7837-BBFC-4F28-B031-F296151E7ADD}"
EndProject
Project("{FAE04EC0-301F-11D3-BF4B-00C04F79EFBC}") = "Tyuiu.DmitrievLR.Sprint2.Task3.V1.Lib", "Tyuiu.DmitrievLR.Sprint2.Task3.V1.Lib\Tyuiu.DmitrievLR.Sprint2.Task3.V1.Lib.csproj", "{58D29BEE-8812-4433-963D-AA89403CC06C}"
EndProject
Project("{FAE04EC0-301F-11D3-BF4B-00C04F79EFBC}") = "Tyuiu.DmitrievLR.Sprint2.Task3.V1", "Tyuiu.DmitrievLR.Sprint2.Task3.V1\Tyuiu.DmitrievLR.Sprint2.Task3.V1.csproj", "{B436FF35-3C30-45BF-B6F6-2F2000278340}"
EndProject
Project("{FAE04EC0-301F-11D3-BF4B-00C04F79EFBC}") = "Tyuiu.DmitrievLR.Sprint2.Task3.V1.Test", "Tyuiu.DmitrievLR.Sprint2.Task3.V1.Test\Tyuiu.DmitrievLR.Sprint2.Task3.V1.Test.csproj", "{8D8AA3F8-744C-4A2E-98B9-D74B97D62B11}"
EndProject
Project("{2150E333-8FDC-42A3-9474-1A3956D46DE8}") = "Task3", "Task3", "{0810F57E-232B-4F98-B116-A07C4AD114EE}"
EndProject
Global
	GlobalSection(SolutionConfigurationPlatforms) = preSolution
		Debug|Any CPU = Debug|Any CPU
		Release|Any CPU = Release|Any CPU
	EndGlobalSection
	GlobalSection(ProjectConfigurationPlatforms) = postSolution
		{4C1BD6BC-9015-4356-8018-4F3BC310572B}.Debug|Any CPU.ActiveCfg = Debug|Any CPU
		{4C1BD6BC-9015-4356-8018-4F3BC310572B}.Debug|Any CPU.Build.0 = Debug|Any CPU
		{4C1BD6BC-9015-4356-8018-4F3BC310572B}.Release|Any CPU.ActiveCfg = Release|Any CPU
		{4C1BD6BC-9015-4356-8018-4F3BC310572B}.Release|Any CPU.Build.0 = Release|Any CPU
		{C59ABC5B-0DCE-48A3-9AE9-EB7CABE9C337}.Debug|Any CPU.ActiveCfg = Debug|Any CPU
		{C59ABC5B-0DCE-48A3-9AE9-EB7CABE9C337}.Debug|Any CPU.Build.0 = Debug|Any CPU
		{C59ABC5B-0DCE-48A3-9AE9-EB7CABE9C337}.Release|Any CPU.ActiveCfg = Release|Any CPU
		{C59ABC5B-0DCE-48A3-9AE9-EB7CABE9C337}.Release|Any CPU.Build.0 = Release|Any CPU
		{0F003B3A-5765-4B39-8B39-A89CE7D12D06}.Debug|Any CPU.ActiveCfg = Debug|Any CPU
		{0F003B3A-5765-4B39-8B39-A89CE7D12D06}.Debug|Any CPU.Build.0 = Debug|Any CPU
		{0F003B3A-5765-4B39-8B39-A89CE7D12D06}.Release|Any CPU.ActiveCfg = Release|Any CPU
		{0F003B3A-5765-4B39-8B39-A89CE7D12D06}.Release|Any CPU.Build.0 = Release|Any CPU
		{D477AD31-DA1F-429F-A0FB-8F1847ECA4ED}.Debug|Any CPU.ActiveCfg = Debug|Any CPU
		{D477AD31-DA1F-429F-A0FB-8F1847ECA4ED}.Debug|Any CPU.Build.0 = Debug|Any CPU
		{D477AD31-DA1F-429F-A0FB-8F1847ECA4ED}.Release|Any CPU.ActiveCfg = Release|Any CPU
		{D477AD31-DA1F-429F-A0FB-8F1847ECA4ED}.Release|Any CPU.Build.0 = Release|Any CPU
		{9DBE19C6-0CE1-4097-A4CE-20FDE76A4A99}.Debug|Any CPU.ActiveCfg = Debug|Any CPU
		{9DBE19C6-0CE1-4097-A4CE-20FDE76A4A99}.Debug|Any CPU.Build.0 = Debug|Any CPU
		{9DBE19C6-0CE1-4097-A4CE-20FDE76A4A99}.Release|Any CPU.ActiveCfg = Release|Any CPU
		{9DBE19C6-0CE1-4097-A4CE-20FDE76A4A99}.Release|Any CPU.Build.0 = Release|Any CPU
		{EE8B0600-1BD5-4C97-933E-DD4B162947B0}.Debug|Any CPU.ActiveCfg = Debug|Any CPU
		{EE8B0600-1BD5-4C97-933E-DD4B162947B0}.Debug|Any CPU.Build.0 = Debug|Any CPU
		{EE8B0600-1BD5-4C97-933E-DD4B162947B0}.Release|Any CPU.ActiveCfg = Release|Any CPU
		{EE8B0600-1BD5-4C97-933E-DD4B162947B0}.Release|Any CPU.Build.0 = Release|Any CPU
		{911E7054-DBBB-4805-8345-EBCCA4A21080}.Debug|Any CPU.ActiveCfg = Debug|Any CPU
		{911E7054-DBBB-4805-8345-EBCCA4A21080}.Debug|Any CPU.Build.0 = Debug|Any CPU
		{911E7054-DBBB-4805-8345-EBCCA4A21080}.Release|Any CPU.ActiveCfg = Release|Any CPU
		{911E7054-DBBB-4805-8345-EBCCA4A21080}.Release|Any CPU.Build.0 = Release|Any CPU
		{A0AAD593-0FDB-473D-B270-51BD3E0EDB38}.Debug|Any CPU.ActiveCfg = Debug|Any CPU
		{A0AAD593-0FDB-473D-B270-51BD3E0EDB38}.Debug|Any CPU.Build.0 = Debug|Any CPU
		{A0AAD593-0FDB-473D-B270-51BD3E0EDB38}.Release|Any CPU.ActiveCfg = Release|Any CPU
		{A0AAD593-0FDB-473D-B270-51BD3E0EDB38}.Release|Any CPU.Build.0 = Release|Any CPU
		{503EF15D-95AB-40CD-84D7-FD55150BE80A}.Debug|Any CPU.ActiveCfg = Debug|Any CPU
		{503EF15D-95AB-40CD-84D7-FD55150BE80A}.Debug|Any CPU.Build.0 = Debug|Any CPU
		{503EF15D-95AB-40CD-84D7-FD55150BE80A}.Release|Any CPU.ActiveCfg = Release|Any CPU
		{503EF15D-95AB-40CD-84D7-FD55150BE80A}.Release|Any CPU.Build.0 = Release|Any CPU
		{58D29BEE-8812-4433-963D-AA89403CC06C}.Debug|Any CPU.ActiveCfg = Debug|Any CPU
		{58D29BEE-8812-4433-963D-AA89403CC06C}.Debug|Any CPU.Build.0 = Debug|Any CPU
		{58D29BEE-8812-4433-963D-AA89403CC06C}.Release|Any CPU.ActiveCfg = Release|Any CPU
		{58D29BEE-8812-4433-963D-AA89403CC06C}.Release|Any CPU.Build.0 = Release|Any CPU
		{B436FF35-3C30-45BF-B6F6-2F2000278340}.Debug|Any CPU.ActiveCfg = Debug|Any CPU
		{B436FF35-3C30-45BF-B6F6-2F2000278340}.Debug|Any CPU.Build.0 = Debug|Any CPU
		{B436FF35-3C30-45BF-B6F6-2F2000278340}.Release|Any CPU.ActiveCfg = Release|Any CPU
		{B436FF35-3C30-45BF-B6F6-2F2000278340}.Release|Any CPU.Build.0 = Release|Any CPU
		{8D8AA3F8-744C-4A2E-98B9-D74B97D62B11}.Debug|Any CPU.ActiveCfg = Debug|Any CPU
		{8D8AA3F8-744C-4A2E-98B9-D74B97D62B11}.Debug|Any CPU.Build.0 = Debug|Any CPU
		{8D8AA3F8-744C-4A2E-98B9-D74B97D62B11}.Release|Any CPU.ActiveCfg = Release|Any CPU
		{8D8AA3F8-744C-4A2E-98B9-D74B97D62B11}.Release|Any CPU.Build.0 = Release|Any CPU
	EndGlobalSection
	GlobalSection(SolutionProperties) = preSolution
		HideSolutionNode = FALSE
	EndGlobalSection
	GlobalSection(NestedProjects) = preSolution
		{4C1BD6BC-9015-4356-8018-4F3BC310572B} = {33C94368-642B-4041-9340-6C6A3EDDF62D}
		{C59ABC5B-0DCE-48A3-9AE9-EB7CABE9C337} = {33C94368-642B-4041-9340-6C6A3EDDF62D}
		{0F003B3A-5765-4B39-8B39-A89CE7D12D06} = {33C94368-642B-4041-9340-6C6A3EDDF62D}
		{D477AD31-DA1F-429F-A0FB-8F1847ECA4ED} = {5974C7DA-DB47-45E9-8CCD-498AAB052809}
		{9DBE19C6-0CE1-4097-A4CE-20FDE76A4A99} = {5974C7DA-DB47-45E9-8CCD-498AAB052809}
		{EE8B0600-1BD5-4C97-933E-DD4B162947B0} = {5974C7DA-DB47-45E9-8CCD-498AAB052809}
		{911E7054-DBBB-4805-8345-EBCCA4A21080} = {18FC7837-BBFC-4F28-B031-F296151E7ADD}
		{A0AAD593-0FDB-473D-B270-51BD3E0EDB38} = {18FC7837-BBFC-4F28-B031-F296151E7ADD}
		{503EF15D-95AB-40CD-84D7-FD55150BE80A} = {18FC7837-BBFC-4F28-B031-F296151E7ADD}
		{58D29BEE-8812-4433-963D-AA89403CC06C} = {0810F57E-232B-4F98-B116-A07C4AD114EE}
		{B436FF35-3C30-45BF-B6F6-2F2000278340} = {0810F57E-232B-4F98-B116-A07C4AD114EE}
		{8D8AA3F8-744C-4A2E-98B9-D74B97D62B11} = {0810F57E-232B-4F98-B116-A07C4AD114EE}
	EndGlobalSection
EndGlobal
